{
  "name": "mejsla-stepup-2018-js",
  "version": "1.0.0",
  "lockfileVersion": 1,
  "requires": true,
  "dependencies": {
    "node-fetch": {
      "version": "2.2.0",
      "resolved": "http://artifactory.viaplay.tv/artifactory/api/npm/mtg-npm-virtual/node-fetch/-/node-fetch-2.2.0.tgz",
      "integrity": "sha1-Tueb3pCSYvl3X3MeNlbQ21XO1bU="
    },
    "reveal.js": {
      "version": "3.7.0",
      "resolved": "https://registry.npmjs.org/reveal.js/-/reveal.js-3.7.0.tgz",
      "integrity": "sha512-HTOTNhF5mQAw6fcsptk4oql/DEEUwTG0YHk/LzTNNx0/3IgvOQZqKzvlK/zNpqqKMLlhn1gH9Nvp+FFoc/e5/w=="
    }
  }
}
